
Microsoft Visual Studio Solution File, Format Version 12.00
# Visual Studio 2013
VisualStudioVersion = 12.0.31101.0
MinimumVisualStudioVersion = 10.0.40219.1
Project("{FAE04EC0-301F-11D3-BF4B-00C04F79EFBC}") = "VehicleManagement", "VehicleManagement\VehicleManagement.csproj", "{3A5F0094-8F43-40C6-9196-10A3B12EB079}"
EndProject
Project("{FAE04EC0-301F-11D3-BF4B-00C04F79EFBC}") = "dataAccess", "dataAccess\dataAccess.csproj", "{4AFA0BA2-AB28-4A36-BDA3-0B6746EECFF8}"
EndProject
Project("{FAE04EC0-301F-11D3-BF4B-00C04F79EFBC}") = "businessDrivers", "businessDrivers\businessDrivers.csproj", "{1C37BE07-EAFD-4656-B235-D9C6A2BC3E9C}"
EndProject
Project("{FAE04EC0-301F-11D3-BF4B-00C04F79EFBC}") = "businessVehicles", "businessVehicles\businessVehicles.csproj", "{C9E417BB-AE81-465C-B487-9D05105CAE45}"
EndProject
Project("{FAE04EC0-301F-11D3-BF4B-00C04F79EFBC}") = "businessBooking", "businessBooking\businessBooking.csproj", "{D6D06D9E-443D-481E-ABD7-B1F35EB3A603}"
EndProject
Global
	GlobalSection(SolutionConfigurationPlatforms) = preSolution
		Debug|Any CPU = Debug|Any CPU
		Release|Any CPU = Release|Any CPU
	EndGlobalSection
	GlobalSection(ProjectConfigurationPlatforms) = postSolution
		{3A5F0094-8F43-40C6-9196-10A3B12EB079}.Debug|Any CPU.ActiveCfg = Debug|Any CPU
		{3A5F0094-8F43-40C6-9196-10A3B12EB079}.Debug|Any CPU.Build.0 = Debug|Any CPU
		{3A5F0094-8F43-40C6-9196-10A3B12EB079}.Release|Any CPU.ActiveCfg = Release|Any CPU
		{3A5F0094-8F43-40C6-9196-10A3B12EB079}.Release|Any CPU.Build.0 = Release|Any CPU
		{4AFA0BA2-AB28-4A36-BDA3-0B6746EECFF8}.Debug|Any CPU.ActiveCfg = Debug|Any CPU
		{4AFA0BA2-AB28-4A36-BDA3-0B6746EECFF8}.Debug|Any CPU.Build.0 = Debug|Any CPU
		{4AFA0BA2-AB28-4A36-BDA3-0B6746EECFF8}.Release|Any CPU.ActiveCfg = Release|Any CPU
		{4AFA0BA2-AB28-4A36-BDA3-0B6746EECFF8}.Release|Any CPU.Build.0 = Release|Any CPU
		{1C37BE07-EAFD-4656-B235-D9C6A2BC3E9C}.Debug|Any CPU.ActiveCfg = Debug|Any CPU
		{1C37BE07-EAFD-4656-B235-D9C6A2BC3E9C}.Debug|Any CPU.Build.0 = Debug|Any CPU
		{1C37BE07-EAFD-4656-B235-D9C6A2BC3E9C}.Release|Any CPU.ActiveCfg = Release|Any CPU
		{1C37BE07-EAFD-4656-B235-D9C6A2BC3E9C}.Release|Any CPU.Build.0 = Release|Any CPU
		{C9E417BB-AE81-465C-B487-9D05105CAE45}.Debug|Any CPU.ActiveCfg = Debug|Any CPU
		{C9E417BB-AE81-465C-B487-9D05105CAE45}.Debug|Any CPU.Build.0 = Debug|Any CPU
		{C9E417BB-AE81-465C-B487-9D05105CAE45}.Release|Any CPU.ActiveCfg = Release|Any CPU
		{C9E417BB-AE81-465C-B487-9D05105CAE45}.Release|Any CPU.Build.0 = Release|Any CPU
		{D6D06D9E-443D-481E-ABD7-B1F35EB3A603}.Debug|Any CPU.ActiveCfg = Debug|Any CPU
		{D6D06D9E-443D-481E-ABD7-B1F35EB3A603}.Debug|Any CPU.Build.0 = Debug|Any CPU
		{D6D06D9E-443D-481E-ABD7-B1F35EB3A603}.Release|Any CPU.ActiveCfg = Release|Any CPU
		{D6D06D9E-443D-481E-ABD7-B1F35EB3A603}.Release|Any CPU.Build.0 = Release|Any CPU
	EndGlobalSection
	GlobalSection(SolutionProperties) = preSolution
		HideSolutionNode = FALSE
	EndGlobalSection
EndGlobal
